{
  "version": 4,
  "terraform_version": "1.12.2",
  "serial": 141,
  "lineage": "1967b24d-9446-1371-d347-8df671a8b68d",
  "outputs": {
    "app_url": {
      "value": "https://kamal-test.6temes.net",
      "type": "string"
    },
    "instance_id": {
      "value": "i-0674a3b251593f36c",
      "type": "string"
    },
    "server_ip": {
      "value": "18.183.80.67",
      "type": "string"
    },
    "server_name": {
      "value": "kamal-app-server",
      "type": "string"
    },
    "ssh_connection_string": {
      "value": "ssh -p 54022 admin@18.183.80.67",
      "type": "string"
    }
  },
  "resources": [
    {
      "mode": "data",
      "type": "aws_ami",
      "name": "debian",
      "provider": "provider[\"registry.terraform.io/hashicorp/aws\"]",
      "instances": [
        {
          "schema_version": 0,
          "attributes": {
            "architecture": "x86_64",
            "arn": "arn:aws:ec2:ap-northeast-1::image/ami-0ae55e2cc6c7cc6e4",
            "block_device_mappings": [
              {
                "device_name": "/dev/xvda",
                "ebs": {
                  "delete_on_termination": "true",
                  "encrypted": "false",
                  "iops": "3000",
                  "snapshot_id": "snap-089df31be07cb0036",
                  "throughput": "125",
                  "volume_initialization_rate": "0",
                  "volume_size": "8",
                  "volume_type": "gp3"
                },
                "no_device": "",
                "virtual_name": ""
              }
            ],
            "boot_mode": "",
            "creation_date": "2025-08-04T14:28:30.000Z",
            "deprecation_time": "2027-08-04T14:28:30.000Z",
            "description": "Debian 12 (20250804-2194)",
            "ena_support": true,
            "executable_users": null,
            "filter": [
              {
                "name": "name",
                "values": [
                  "debian-12-amd64-*"
                ]
              },
              {
                "name": "virtualization-type",
                "values": [
                  "hvm"
                ]
              }
            ],
            "hypervisor": "xen",
            "id": "ami-0ae55e2cc6c7cc6e4",
            "image_id": "ami-0ae55e2cc6c7cc6e4",
            "image_location": "amazon/debian-12-amd64-20250804-2194",
            "image_owner_alias": "amazon",
            "image_type": "machine",
            "imds_support": "",
            "include_deprecated": false,
            "kernel_id": "",
            "last_launched_time": "",
            "most_recent": true,
            "name": "debian-12-amd64-20250804-2194",
            "name_regex": null,
            "owner_id": "136693071363",
            "owners": [
              "136693071363"
            ],
            "platform": "",
            "platform_details": "Linux/UNIX",
            "product_codes": [],
            "public": true,
            "ramdisk_id": "",
            "root_device_name": "/dev/xvda",
            "root_device_type": "ebs",
            "root_snapshot_id": "snap-089df31be07cb0036",
            "sriov_net_support": "simple",
            "state": "available",
            "state_reason": {
              "code": "UNSET",
              "message": "UNSET"
            },
            "tags": {},
            "timeouts": null,
            "tpm_support": "",
            "uefi_data": null,
            "usage_operation": "RunInstances",
            "virtualization_type": "hvm"
          },
          "sensitive_attributes": [],
          "identity_schema_version": 0
        }
      ]
    },
    {
      "mode": "data",
      "type": "aws_subnets",
      "name": "default",
      "provider": "provider[\"registry.terraform.io/hashicorp/aws\"]",
      "instances": [
        {
          "schema_version": 0,
          "attributes": {
            "filter": [
              {
                "name": "vpc-id",
                "values": [
                  "vpc-0afb8a1f4bc0406bf"
                ]
              }
            ],
            "id": "ap-northeast-1",
            "ids": [
              "subnet-091c2b403a47cc98a",
              "subnet-05bd5fe446f998ca6",
              "subnet-0682781753aa99cb2"
            ],
            "tags": null,
            "timeouts": null
          },
          "sensitive_attributes": [],
          "identity_schema_version": 0
        }
      ]
    },
    {
      "mode": "data",
      "type": "aws_vpc",
      "name": "default",
      "provider": "provider[\"registry.terraform.io/hashicorp/aws\"]",
      "instances": [
        {
          "schema_version": 0,
          "attributes": {
            "arn": "arn:aws:ec2:ap-northeast-1:192862750381:vpc/vpc-0afb8a1f4bc0406bf",
            "cidr_block": "172.31.0.0/16",
            "cidr_block_associations": [
              {
                "association_id": "vpc-cidr-assoc-0356609a3775ee599",
                "cidr_block": "172.31.0.0/16",
                "state": "associated"
              }
            ],
            "default": true,
            "dhcp_options_id": "dopt-0de773627aeb4b41e",
            "enable_dns_hostnames": true,
            "enable_dns_support": true,
            "enable_network_address_usage_metrics": false,
            "filter": null,
            "id": "vpc-0afb8a1f4bc0406bf",
            "instance_tenancy": "default",
            "ipv6_association_id": "",
            "ipv6_cidr_block": "",
            "main_route_table_id": "rtb-02424de443d138c1e",
            "owner_id": "192862750381",
            "state": null,
            "tags": {},
            "timeouts": null
          },
          "sensitive_attributes": [],
          "identity_schema_version": 0
        }
      ]
    },
    {
      "mode": "data",
      "type": "cloudflare_zone",
      "name": "domain",
      "provider": "provider[\"registry.terraform.io/cloudflare/cloudflare\"]",
      "instances": [
        {
          "schema_version": 0,
          "attributes": {
            "account_id": "1b56d3125f17d221ef63c754e97e5f4b",
            "id": "bda996220cef867a52cbb0909df3073d",
            "name": "6temes.net",
            "name_servers": [
              "isla.ns.cloudflare.com",
              "lee.ns.cloudflare.com"
            ],
            "paused": false,
            "plan": "Free Website",
            "status": "active",
            "vanity_name_servers": [],
            "zone_id": "bda996220cef867a52cbb0909df3073d"
          },
          "sensitive_attributes": [],
          "identity_schema_version": 0
        }
      ]
    },
    {
      "mode": "managed",
      "type": "aws_instance",
      "name": "app_server",
      "provider": "provider[\"registry.terraform.io/hashicorp/aws\"]",
      "instances": [
        {
          "schema_version": 1,
          "attributes": {
            "ami": "ami-0ae55e2cc6c7cc6e4",
            "arn": "arn:aws:ec2:ap-northeast-1:192862750381:instance/i-0674a3b251593f36c",
            "associate_public_ip_address": true,
            "availability_zone": "ap-northeast-1a",
            "capacity_reservation_specification": [
              {
                "capacity_reservation_preference": "open",
                "capacity_reservation_target": []
              }
            ],
            "cpu_core_count": 1,
            "cpu_options": [
              {
                "amd_sev_snp": "",
                "core_count": 1,
                "threads_per_core": 2
              }
            ],
            "cpu_threads_per_core": 2,
            "credit_specification": [
              {
                "cpu_credits": "unlimited"
              }
            ],
            "disable_api_stop": false,
            "disable_api_termination": false,
            "ebs_block_device": [],
            "ebs_optimized": false,
            "enable_primary_ipv6": null,
            "enclave_options": [
              {
                "enabled": false
              }
            ],
            "ephemeral_block_device": [],
            "get_password_data": false,
            "hibernation": false,
            "host_id": "",
            "host_resource_group_arn": null,
            "iam_instance_profile": "",
            "id": "i-0674a3b251593f36c",
            "instance_initiated_shutdown_behavior": "stop",
            "instance_lifecycle": "",
            "instance_market_options": [],
            "instance_state": "running",
            "instance_type": "t3.medium",
            "ipv6_address_count": 0,
            "ipv6_addresses": [],
            "key_name": "kamal-app-key",
            "launch_template": [],
            "maintenance_options": [
              {
                "auto_recovery": "default"
              }
            ],
            "metadata_options": [
              {
                "http_endpoint": "enabled",
                "http_protocol_ipv6": "disabled",
                "http_put_response_hop_limit": 1,
                "http_tokens": "optional",
                "instance_metadata_tags": "disabled"
              }
            ],
            "monitoring": false,
            "network_interface": [],
            "outpost_arn": "",
            "password_data": "",
            "placement_group": "",
            "placement_partition_number": 0,
            "primary_network_interface_id": "eni-0f5e1d30a718032c2",
            "private_dns": "ip-172-31-34-100.ap-northeast-1.compute.internal",
            "private_dns_name_options": [
              {
                "enable_resource_name_dns_a_record": false,
                "enable_resource_name_dns_aaaa_record": false,
                "hostname_type": "ip-name"
              }
            ],
            "private_ip": "172.31.34.100",
            "public_dns": "ec2-18-183-80-67.ap-northeast-1.compute.amazonaws.com",
            "public_ip": "18.183.80.67",
            "root_block_device": [
              {
                "delete_on_termination": true,
                "device_name": "/dev/xvda",
                "encrypted": true,
                "iops": 3000,
                "kms_key_id": "arn:aws:kms:ap-northeast-1:192862750381:key/176f4ed0-de58-419f-ad2c-9cce36439d1b",
                "tags": {
                  "Environment": "production",
                  "Name": "kamal-app-root-volume",
                  "Project": "kamal-app"
                },
                "tags_all": {
                  "Environment": "production",
                  "Name": "kamal-app-root-volume",
                  "Project": "kamal-app"
                },
                "throughput": 125,
                "volume_id": "vol-036b726f72515ef88",
                "volume_size": 20,
                "volume_type": "gp3"
              }
            ],
            "secondary_private_ips": [],
            "security_groups": [
              "kamal-app-sg20250812222419285600000001"
            ],
            "source_dest_check": true,
            "spot_instance_request_id": "",
            "subnet_id": "subnet-091c2b403a47cc98a",
            "tags": {
              "Environment": "production",
              "Name": "kamal-app-server",
              "Project": "kamal-app",
              "Purpose": "kamal-app"
            },
            "tags_all": {
              "Environment": "production",
              "Name": "kamal-app-server",
              "Project": "kamal-app",
              "Purpose": "kamal-app"
            },
            "tenancy": "default",
            "timeouts": null,
            "user_data": "c96468b38fc48e30b544058eac8f0f10255a543b",
            "user_data_base64": null,
            "user_data_replace_on_change": false,
            "volume_tags": null,
            "vpc_security_group_ids": [
              "sg-09eb272ebaf31a15a"
            ]
          },
          "sensitive_attributes": [],
          "identity_schema_version": 0,
          "private": "eyJlMmJmYjczMC1lY2FhLTExZTYtOGY4OC0zNDM2M2JjN2M0YzAiOnsiY3JlYXRlIjo2MDAwMDAwMDAwMDAsImRlbGV0ZSI6MTIwMDAwMDAwMDAwMCwicmVhZCI6OTAwMDAwMDAwMDAwLCJ1cGRhdGUiOjYwMDAwMDAwMDAwMH0sInNjaGVtYV92ZXJzaW9uIjoiMSJ9",
          "dependencies": [
            "aws_key_pair.app_key",
            "aws_security_group.app_sg",
            "data.aws_ami.debian",
            "data.aws_subnets.default",
            "data.aws_vpc.default"
          ],
          "create_before_destroy": true
        }
      ]
    },
    {
      "mode": "managed",
      "type": "aws_key_pair",
      "name": "app_key",
      "provider": "provider[\"registry.terraform.io/hashicorp/aws\"]",
      "instances": [
        {
          "schema_version": 1,
          "attributes": {
            "arn": "arn:aws:ec2:ap-northeast-1:192862750381:key-pair/kamal-app-key",
            "fingerprint": "e0:dc:8e:f3:05:2d:11:cc:3c:86:0e:94:17:06:51:85",
            "id": "kamal-app-key",
            "key_name": "kamal-app-key",
            "key_name_prefix": "",
            "key_pair_id": "key-01ffa388ba8fbdb6d",
            "key_type": "rsa",
            "public_key": "ssh-rsa AAAAB3NzaC1yc2EAAAADAQABAAACAQCzjIooA5fBusTQfKQhUM13DPf6WN3IqwxxZKcbiDvnDzdSMSm/7wRnLH1LanYjP32De4BcHHXi0z1ES8ZnPryJnQGDpBkxHuOqRfMjrtUBuykvlluxzGqvxjVRP/WD9zk7X18+dZzSdT2Itc91twsbQ7WR48CczG/K72v7CUUcNQ0iGG6cvaM3aC+Oe5ZWhtxJN/Whvy6wXbun16iPjFyJeYmT+o9h2mDDEebzZ1UQbyfdtllsHiHQ3jk7jcdHbMHt1HPm7YbcSjh4S+LBzFy5/XyVOXChCknThkSiR+OUeaS2C+8YjJPnWRcc5vaDrjjcA2NfySCOuO/6QaWWpatToqvUcPAyNjv/wyCoIGG7YlQRg5/a2WeB1iN8lu0++AUhoJ8YeZSL3hlNFBD006CT1QKrz7HBnDJszFqbgCc9d7KkBKgmCDJXpxfZFQvit8ajA8zER8jPLqrRjcTZ1szCpabBp/RNvMhF2Kp+rsP/I898otUnHnpjS6AZxDimyNZHbFmgeAfAuCjpT4teVZ46ukvCAPshVxfr5dIh5annAxx38XovVayQ5u6ecHgoNOTmBrajCQCcVDax9J5DJQo9kCknlhAxZcLc4PgZI8Cf4JZ7k048j70YDLNZaJUL487TJJHsjPz0bl2NSuGB8PQoOAtlhmmibSbXowYe1sn0Mw== daniel@6temes.cat",
            "tags": null,
            "tags_all": {}
          },
          "sensitive_attributes": [],
          "identity_schema_version": 0,
          "private": "eyJzY2hlbWFfdmVyc2lvbiI6IjEifQ==",
          "create_before_destroy": true
        }
      ]
    },
    {
      "mode": "managed",
      "type": "aws_security_group",
      "name": "app_sg",
      "provider": "provider[\"registry.terraform.io/hashicorp/aws\"]",
      "instances": [
        {
          "schema_version": 1,
          "attributes": {
            "arn": "arn:aws:ec2:ap-northeast-1:192862750381:security-group/sg-09eb272ebaf31a15a",
            "description": "Security group for Kamal application server",
            "egress": [
              {
                "cidr_blocks": [
                  "0.0.0.0/0"
                ],
                "description": "",
                "from_port": 0,
                "ipv6_cidr_blocks": [],
                "prefix_list_ids": [],
                "protocol": "-1",
                "security_groups": [],
                "self": false,
                "to_port": 0
              }
            ],
            "id": "sg-09eb272ebaf31a15a",
            "ingress": [
              {
                "cidr_blocks": [
                  "0.0.0.0/0"
                ],
                "description": "",
                "from_port": 443,
                "ipv6_cidr_blocks": [],
                "prefix_list_ids": [],
                "protocol": "tcp",
                "security_groups": [],
                "self": false,
                "to_port": 443
              },
              {
                "cidr_blocks": [
                  "0.0.0.0/0"
                ],
                "description": "",
                "from_port": 54022,
                "ipv6_cidr_blocks": [],
                "prefix_list_ids": [],
                "protocol": "tcp",
                "security_groups": [],
                "self": false,
                "to_port": 54022
              },
              {
                "cidr_blocks": [
                  "0.0.0.0/0"
                ],
                "description": "",
                "from_port": 80,
                "ipv6_cidr_blocks": [],
                "prefix_list_ids": [],
                "protocol": "tcp",
                "security_groups": [],
                "self": false,
                "to_port": 80
              }
            ],
            "name": "kamal-app-sg20250812222419285600000001",
            "name_prefix": "kamal-app-sg",
            "owner_id": "192862750381",
            "revoke_rules_on_delete": false,
            "tags": {
              "Environment": "production",
              "Name": "kamal-app-security-group",
              "Project": "kamal-app",
              "Purpose": "kamal-app"
            },
            "tags_all": {
              "Environment": "production",
              "Name": "kamal-app-security-group",
              "Project": "kamal-app",
              "Purpose": "kamal-app"
            },
            "timeouts": null,
            "vpc_id": "vpc-0afb8a1f4bc0406bf"
          },
          "sensitive_attributes": [],
          "identity_schema_version": 0,
          "private": "eyJlMmJmYjczMC1lY2FhLTExZTYtOGY4OC0zNDM2M2JjN2M0YzAiOnsiY3JlYXRlIjo2MDAwMDAwMDAwMDAsImRlbGV0ZSI6OTAwMDAwMDAwMDAwfSwic2NoZW1hX3ZlcnNpb24iOiIxIn0=",
          "dependencies": [
            "data.aws_vpc.default"
          ],
          "create_before_destroy": true
        }
      ]
    },
    {
      "mode": "managed",
      "type": "cloudflare_record",
      "name": "app_a",
      "provider": "provider[\"registry.terraform.io/cloudflare/cloudflare\"]",
      "instances": [
        {
          "schema_version": 3,
          "attributes": {
            "allow_overwrite": false,
            "comment": "",
            "content": "18.183.80.67",
            "created_on": "2025-08-12T22:25:36.804574Z",
            "data": [],
            "hostname": "kamal-test.6temes.net",
            "id": "ae34776118acff36158d9ec4bbb0fd07",
            "metadata": {},
            "modified_on": "2025-08-12T22:25:36.804574Z",
            "name": "kamal-test",
            "priority": null,
            "proxiable": true,
            "proxied": true,
            "tags": null,
            "timeouts": null,
            "ttl": 1,
            "type": "A",
            "value": null,
            "zone_id": "bda996220cef867a52cbb0909df3073d"
          },
          "sensitive_attributes": [],
          "identity_schema_version": 0,
          "private": "eyJlMmJmYjczMC1lY2FhLTExZTYtOGY4OC0zNDM2M2JjN2M0YzAiOnsiY3JlYXRlIjozMDAwMDAwMDAwMCwidXBkYXRlIjozMDAwMDAwMDAwMH0sInNjaGVtYV92ZXJzaW9uIjoiMyJ9",
          "dependencies": [
            "aws_instance.app_server",
            "aws_key_pair.app_key",
            "aws_security_group.app_sg",
            "data.aws_ami.debian",
            "data.aws_subnets.default",
            "data.aws_vpc.default",
            "data.cloudflare_zone.domain"
          ]
        }
      ]
    },
    {
      "mode": "managed",
      "type": "null_resource",
      "name": "server_ready_check",
      "provider": "provider[\"registry.terraform.io/hashicorp/null\"]",
      "instances": [
        {
          "schema_version": 0,
          "attributes": {
            "id": "7011725461985855241",
            "triggers": {
              "instance_id": "i-0674a3b251593f36c"
            }
          },
          "sensitive_attributes": [],
          "identity_schema_version": 0,
          "dependencies": [
            "aws_instance.app_server",
            "aws_key_pair.app_key",
            "aws_security_group.app_sg",
            "data.aws_ami.debian",
            "data.aws_subnets.default",
            "data.aws_vpc.default"
          ]
        }
      ]
    }
  ],
  "check_results": null
}
